// !$*UTF8*$!
{
	archiveVersion = 1;
	classes = {
	};
	objectVersion = 46;
	objects = {

/* Begin PBXBuildFile section */
		29E8039E1D02586D000CA665 /* AppDelegate.swift in Sources */ = {isa = PBXBuildFile; fileRef = 29E8039D1D02586D000CA665 /* AppDelegate.swift */; };
		29E803A01D02586D000CA665 /* ViewController.swift in Sources */ = {isa = PBXBuildFile; fileRef = 29E8039F1D02586D000CA665 /* ViewController.swift */; };
		29E803A31D02586D000CA665 /* Main.storyboard in Resources */ = {isa = PBXBuildFile; fileRef = 29E803A11D02586D000CA665 /* Main.storyboard */; };
		29E803A51D02586D000CA665 /* Assets.xcassets in Resources */ = {isa = PBXBuildFile; fileRef = 29E803A41D02586D000CA665 /* Assets.xcassets */; };
		29E803A81D02586D000CA665 /* LaunchScreen.storyboard in Resources */ = {isa = PBXBuildFile; fileRef = 29E803A61D02586D000CA665 /* LaunchScreen.storyboard */; };
/* End PBXBuildFile section */

/* Begin PBXFileReference section */
		29E8039A1D02586D000CA665 /* iOSDevConf2016BondSample.app */ = {isa = PBXFileReference; explicitFileType = wrapper.application; includeInIndex = 0; path = iOSDevConf2016BondSample.app; sourceTree = BUILT_PRODUCTS_DIR; };
		29E8039D1D02586D000CA665 /* AppDelegate.swift */ = {isa = PBXFileReference; lastKnownFileType = sourcecode.swift; path = AppDelegate.swift; sourceTree = "<group>"; };
		29E8039F1D02586D000CA665 /* ViewController.swift */ = {isa = PBXFileReference; lastKnownFileType = sourcecode.swift; path = ViewController.swift; sourceTree = "<group>"; };
		29E803A21D02586D000CA665 /* Base */ = {isa = PBXFileReference; lastKnownFileType = file.storyboard; name = Base; path = Base.lproj/Main.storyboard; sourceTree = "<group>"; };
		29E803A41D02586D000CA665 /* Assets.xcassets */ = {isa = PBXFileReference; lastKnownFileType = folder.assetcatalog; path = Assets.xcassets; sourceTree = "<group>"; };
		29E803A71D02586D000CA665 /* Base */ = {isa = PBXFileReference; lastKnownFileType = file.storyboard; name = Base; path = Base.lproj/LaunchScreen.storyboard; sourceTree = "<group>"; };
		29E803A91D02586E000CA665 /* Info.plist */ = {isa = PBXFileReference; lastKnownFileType = text.plist.xml; path = Info.plist; sourceTree = "<group>"; };
/* End PBXFileReference section */

/* Begin PBXFrameworksBuildPhase section */
		29E803971D02586D000CA665 /* Frameworks */ = {
			isa = PBXFrameworksBuildPhase;
			buildActionMask = 2147483647;
			files = (
			);
			runOnlyForDeploymentPostprocessing = 0;
		};
/* End PBXFrameworksBuildPhase section */

/* Begin PBXGroup section */
		29E803911D02586D000CA665 = {
			isa = PBXGroup;
			children = (
				29E8039C1D02586D000CA665 /* iOSDevConf2016BondSample */,
				29E8039B1D02586D000CA665 /* Products */,
			);
			sourceTree = "<group>";
		};
		29E8039B1D02586D000CA665 /* Products */ = {
			isa = PBXGroup;
			children = (
				29E8039A1D02586D000CA665 /* iOSDevConf2016BondSample.app */,
			);
			name = Products;
			sourceTree = "<group>";
		};
		29E8039C1D02586D000CA665 /* iOSDevConf2016BondSample */ = {
			isa = PBXGroup;
			children = (
				29E8039D1D02586D000CA665 /* AppDelegate.swift */,
				29E8039F1D02586D000CA665 /* ViewController.swift */,
				29E803A11D02586D000CA665 /* Main.storyboard */,
				29E803A41D02586D000CA665 /* Assets.xcassets */,
				29E803A61D02586D000CA665 /* LaunchScreen.storyboard */,
				29E803A91D02586E000CA665 /* Info.plist */,
			);
			path = iOSDevConf2016BondSample;
			sourceTree = "<group>";
		};
/* End PBXGroup section */

/* Begin PBXNativeTarget section */
		29E803991D02586D000CA665 /* iOSDevConf2016BondSample */ = {
			isa = PBXNativeTarget;
			buildConfigurationList = 29E803AC1D02586E000CA665 /* Build configuration list for PBXNativeTarget "iOSDevConf2016BondSample" */;
			buildPhases = (
				29E803961D02586D000CA665 /* Sources */,
				29E803971D02586D000CA665 /* Frameworks */,
				29E803981D02586D000CA665 /* Resources */,
			);
			buildRules = (
			);
			dependencies = (
			);
			name = iOSDevConf2016BondSample;
			productName = iOSDevConf2016BondSample;
			productReference = 29E8039A1D02586D000CA665 /* iOSDevConf2016BondSample.app */;
			productType = "com.apple.product-type.application";
		};
/* End PBXNativeTarget section */

/* Begin PBXProject section */
		29E803921D02586D000CA665 /* Project object */ = {
			isa = PBXProject;
			attributes = {
				LastSwiftUpdateCheck = 0730;
				LastUpgradeCheck = 0730;
				ORGANIZATIONNAME = "田中賢治";
				TargetAttributes = {
					29E803991D02586D000CA665 = {
						CreatedOnToolsVersion = 7.3.1;
					};
				};
			};
			buildConfigurationList = 29E803951D02586D000CA665 /* Build configuration list for PBXProject "iOSDevConf2016BondSample" */;
			compatibilityVersion = "Xcode 3.2";
			developmentRegion = English;
			hasScannedForEncodings = 0;
			knownRegions = (
				en,
				Base,
			);
			mainGroup = 29E803911D02586D000CA665;
			productRefGroup = 29E8039B1D02586D000CA665 /* Products */;
			projectDirPath = "";
			projectRoot = "";
			targets = (
				29E803991D02586D000CA665 /* iOSDevConf2016BondSample */,
			);
		};
/* End PBXProject section */

/* Begin PBXResourcesBuildPhase section */
		29E803981D02586D000CA665 /* Resources */ = {
			isa = PBXResourcesBuildPhase;
			buildActionMask = 2147483647;
			files = (
				29E803A81D02586D000CA665 /* LaunchScreen.storyboard in Resources */,
				29E803A51D02586D000CA665 /* Assets.xcassets in Resources */,
				29E803A31D02586D000CA665 /* Main.storyboard in Resources */,
			);
			runOnlyForDeploymentPostprocessing = 0;
		};
/* End PBXResourcesBuildPhase section */

/* Begin PBXSourcesBuildPhase section */
		29E803961D02586D000CA665 /* Sources */ = {
			isa = PBXSourcesBuildPhase;
			buildActionMask = 2147483647;
			files = (
				29E803A01D02586D000CA665 /* ViewController.swift in Sources */,
				29E8039E1D02586D000CA665 /* AppDelegate.swift in Sources */,
			);
			runOnlyForDeploymentPostprocessing = 0;
		};
/* End PBXSourcesBuildPhase section */

/* Begin PBXVariantGroup section */
		29E803A11D02586D000CA665 /* Main.storyboard */ = {
			isa = PBXVariantGroup;
			children = (
				29E803A21D02586D000CA665 /* Base */,
			);
			name = Main.storyboard;
			sourceTree = "<group>";
		};
		29E803A61D02586D000CA665 /* LaunchScreen.storyboard */ = {
			isa = PBXVariantGroup;
			children = (
				29E803A71D02586D000CA665 /* Base */,
			);
			name = LaunchScreen.storyboard;
			sourceTree = "<group>";
		};
/* End PBXVariantGroup section */

/* Begin XCBuildConfiguration section */
		29E803AA1D02586E000CA665 /* Debug */ = {
			isa = XCBuildConfiguration;
			buildSettings = {
				ALWAYS_SEARCH_USER_PATHS = NO;
				CLANG_ANALYZER_NONNULL = YES;
				CLANG_CXX_LANGUAGE_STANDARD = "gnu++0x";
				CLANG_CXX_LIBRARY = "libc++";
				CLANG_ENABLE_MODULES = YES;
				CLANG_ENABLE_OBJC_ARC = YES;
				CLANG_WARN_BOOL_CONVERSION = YES;
				CLANG_WARN_CONSTANT_CONVERSION = YES;
				CLANG_WARN_DIRECT_OBJC_ISA_USAGE = YES_ERROR;
				CLANG_WARN_EMPTY_BODY = YES;
				CLANG_WARN_ENUM_CONVERSION = YES;
				CLANG_WARN_INT_CONVERSION = YES;
				CLANG_WARN_OBJC_ROOT_CLASS = YES_ERROR;
				CLANG_WARN_UNREACHABLE_CODE = YES;
				CLANG_WARN__DUPLICATE_METHOD_MATCH = YES;
				"CODE_SIGN_IDENTITY[sdk=iphoneos*]" = "iPhone Developer";
				COPY_PHASE_STRIP = NO;
				DEBUG_INFORMATION_FORMAT = dwarf;
				ENABLE_STRICT_OBJC_MSGSEND = YES;
				ENABLE_TESTABILITY = YES;
				GCC_C_LANGUAGE_STANDARD = gnu99;
				GCC_DYNAMIC_NO_PIC = NO;
				GCC_NO_COMMON_BLOCKS = YES;
				GCC_OPTIMIZATION_LEVEL = 0;
				GCC_PREPROCESSOR_DEFINITIONS = (
					"DEBUG=1",
					"$(inherited)",
				);
				GCC_WARN_64_TO_32_BIT_CONVERSION = YES;
				GCC_WARN_ABOUT_RETURN_TYPE = YES_ERROR;
				GCC_WARN_UNDECLARED_SELECTOR = YES;
				GCC_WARN_UNINITIALIZED_AUTOS = YES_AGGRESSIVE;
				GCC_WARN_UNUSED_FUNCTION = YES;
				GCC_WARN_UNUSED_VARIABLE = YES;
				IPHONEOS_DEPLOYMENT_TARGET = 9.3;
				MTL_ENABLE_DEBUG_INFO = YES;
				ONLY_ACTIVE_ARCH = YES;
				SDKROOT = iphoneos;
				SWIFT_OPTIMIZATION_LEVEL = "-Onone";
			};
			name = Debug;
		};
		29E803AB1D02586E000CA665 /* Release */ = {
			isa = XCBuildConfiguration;
			buildSettings = {
				ALWAYS_SEARCH_USER_PATHS = NO;
				CLANG_ANALYZER_NONNULL = YES;
				CLANG_CXX_LANGUAGE_STANDARD = "gnu++0x";
				CLANG_CXX_LIBRARY = "libc++";
				CLANG_ENABLE_MODULES = YES;
				CLANG_ENABLE_OBJC_ARC = YES;
				CLANG_WARN_BOOL_CONVERSION = YES;
				CLANG_WARN_CONSTANT_CONVERSION = YES;
				CLANG_WARN_DIRECT_OBJC_ISA_USAGE = YES_ERROR;
				CLANG_WARN_EMPTY_BODY = YES;
				CLANG_WARN_ENUM_CONVERSION = YES;
				CLANG_WARN_INT_CONVERSION = YES;
				CLANG_WARN_OBJC_ROOT_CLASS = YES_ERROR;
				CLANG_WARN_UNREACHABLE_CODE = YES;
				CLANG_WARN__DUPLICATE_METHOD_MATCH = YES;
				"CODE_SIGN_IDENTITY[sdk=iphoneos*]" = "iPhone Developer";
				COPY_PHASE_STRIP = NO;
				DEBUG_INFORMATION_FORMAT = "dwarf-with-dsym";
				ENABLE_NS_ASSERTIONS = NO;
				ENABLE_STRICT_OBJC_MSGSEND = YES;
				GCC_C_LANGUAGE_STANDARD = gnu99;
				GCC_NO_COMMON_BLOCKS = YES;
				GCC_WARN_64_TO_32_BIT_CONVERSION = YES;
				GCC_WARN_ABOUT_RETURN_TYPE = YES_ERROR;
				GCC_WARN_UNDECLARED_SELECTOR = YES;
				GCC_WARN_UNINITIALIZED_AUTOS = YES_AGGRESSIVE;
				GCC_WARN_UNUSED_FUNCTION = YES;
				GCC_WARN_UNUSED_VARIABLE = YES;
				IPHONEOS_DEPLOYMENT_TARGET = 9.3;
				MTL_ENABLE_DEBUG_INFO = NO;
				SDKROOT = iphoneos;
				VALIDATE_PRODUCT = YES;
			};
			name = Release;
		};
		29E803AD1D02586E000CA665 /* Debug */ = {
			isa = XCBuildConfiguration;
			buildSettings = {
				ASSETCATALOG_COMPILER_APPICON_NAME = AppIcon;
				INFOPLIST_FILE = iOSDevConf2016BondSample/Info.plist;
				LD_RUNPATH_SEARCH_PATHS = "$(inherited) @executable_path/Frameworks";
				PRODUCT_BUNDLE_IDENTIFIER = com.ktanaka.iOSDevConf2016BondSample;
				PRODUCT_NAME = "$(TARGET_NAME)";
			};
			name = Debug;
		};
		29E803AE1D02586E000CA665 /* Release */ = {
			isa = XCBuildConfiguration;
			buildSettings = {
				ASSETCATALOG_COMPILER_APPICON_NAME = AppIcon;
				INFOPLIST_FILE = iOSDevConf2016BondSample/Info.plist;
				LD_RUNPATH_SEARCH_PATHS = "$(inherited) @executable_path/Frameworks";
				PRODUCT_BUNDLE_IDENTIFIER = com.ktanaka.iOSDevConf2016BondSample;
				PRODUCT_NAME = "$(TARGET_NAME)";
			};
			name = Release;
		};
/* End XCBuildConfiguration section */

/* Begin XCConfigurationList section */
		29E803951D02586D000CA665 /* Build configuration list for PBXProject "iOSDevConf2016BondSample" */ = {
			isa = XCConfigurationList;
			buildConfigurations = (
				29E803AA1D02586E000CA665 /* Debug */,
				29E803AB1D02586E000CA665 /* Release */,
			);
			defaultConfigurationIsVisible = 0;
			defaultConfigurationName = Release;
		};
		29E803AC1D02586E000CA665 /* Build configuration list for PBXNativeTarget "iOSDevConf2016BondSample" */ = {
			isa = XCConfigurationList;
			buildConfigurations = (
				29E803AD1D02586E000CA665 /* Debug */,
				29E803AE1D02586E000CA665 /* Release */,
			);
			defaultConfigurationIsVisible = 0;
		};
/* End XCConfigurationList section */
	};
	rootObject = 29E803921D02586D000CA665 /* Project object */;
}
